
Microsoft Visual Studio Solution File, Format Version 12.00
# Visual Studio Version 17
VisualStudioVersion = 17.4.33213.308
MinimumVisualStudioVersion = 10.0.40219.1
Project("{FAE04EC0-301F-11D3-BF4B-00C04F79EFBC}") = "QuanLyDoLuuNiem", "QuanLyDoLuuNiem.csproj", "{FBA505DC-EA2B-4716-B317-304964F39CCE}"
EndProject
Global
	GlobalSection(SolutionConfigurationPlatforms) = preSolution
		Debug|Any CPU = Debug|Any CPU
		Release|Any CPU = Release|Any CPU
	EndGlobalSection
	GlobalSection(ProjectConfigurationPlatforms) = postSolution
		{FBA505DC-EA2B-4716-B317-304964F39CCE}.Debug|Any CPU.ActiveCfg = Debug|Any CPU
		{FBA505DC-EA2B-4716-B317-304964F39CCE}.Debug|Any CPU.Build.0 = Debug|Any CPU
		{FBA505DC-EA2B-4716-B317-304964F39CCE}.Release|Any CPU.ActiveCfg = Release|Any CPU
		{FBA505DC-EA2B-4716-B317-304964F39CCE}.Release|Any CPU.Build.0 = Release|Any CPU
	EndGlobalSection
	GlobalSection(SolutionProperties) = preSolution
		HideSolutionNode = FALSE
	EndGlobalSection
	GlobalSection(ExtensibilityGlobals) = postSolution
		SolutionGuid = {415C22AD-6005-4F55-A0D4-20884F8AA60C}
	EndGlobalSection
EndGlobal
